
Microsoft Visual Studio Solution File, Format Version 12.00
# Visual Studio 15
VisualStudioVersion = 15.0.28307.539
MinimumVisualStudioVersion = 10.0.40219.1
Project("{FAE04EC0-301F-11D3-BF4B-00C04F79EFBC}") = "razor_content_block", "razor_content_block\razor_content_block.csproj", "{3A721969-3AE2-4EA5-8183-C4A07FB05FA0}"
EndProject
Global
	GlobalSection(SolutionConfigurationPlatforms) = preSolution
		Debug|Any CPU = Debug|Any CPU
		Release|Any CPU = Release|Any CPU
	EndGlobalSection
	GlobalSection(ProjectConfigurationPlatforms) = postSolution
		{3A721969-3AE2-4EA5-8183-C4A07FB05FA0}.Debug|Any CPU.ActiveCfg = Debug|Any CPU
		{3A721969-3AE2-4EA5-8183-C4A07FB05FA0}.Debug|Any CPU.Build.0 = Debug|Any CPU
		{3A721969-3AE2-4EA5-8183-C4A07FB05FA0}.Release|Any CPU.ActiveCfg = Release|Any CPU
		{3A721969-3AE2-4EA5-8183-C4A07FB05FA0}.Release|Any CPU.Build.0 = Release|Any CPU
	EndGlobalSection
	GlobalSection(SolutionProperties) = preSolution
		HideSolutionNode = FALSE
	EndGlobalSection
	GlobalSection(ExtensibilityGlobals) = postSolution
		SolutionGuid = {9810F7E2-F060-4E65-A130-A93EF02E171B}
	EndGlobalSection
EndGlobal
